
Microsoft Visual Studio Solution File, Format Version 12.00
# Visual Studio Version 17
VisualStudioVersion = 17.5.002.0
MinimumVisualStudioVersion = 10.0.40219.1
Project("{9A19103F-16F7-4668-BE54-9A1E7A4F7556}") = "eMailBinder.Client", "eMailBinder.Client\eMailBinder.Client.csproj", "{74CCE464-8849-4A90-9D98-8A8AD4564914}"
EndProject
Global
	GlobalSection(SolutionConfigurationPlatforms) = preSolution
		Debug|Any CPU = Debug|Any CPU
		Release|Any CPU = Release|Any CPU
	EndGlobalSection
	GlobalSection(ProjectConfigurationPlatforms) = postSolution
		{74CCE464-8849-4A90-9D98-8A8AD4564914}.Debug|Any CPU.ActiveCfg = Debug|Any CPU
		{74CCE464-8849-4A90-9D98-8A8AD4564914}.Debug|Any CPU.Build.0 = Debug|Any CPU
		{74CCE464-8849-4A90-9D98-8A8AD4564914}.Release|Any CPU.ActiveCfg = Release|Any CPU
		{74CCE464-8849-4A90-9D98-8A8AD4564914}.Release|Any CPU.Build.0 = Release|Any CPU
	EndGlobalSection
	GlobalSection(SolutionProperties) = preSolution
		HideSolutionNode = FALSE
	EndGlobalSection
	GlobalSection(ExtensibilityGlobals) = postSolution
		SolutionGuid = {FAFC95EA-BD27-4C2B-9E88-F6FCFDA6627E}
	EndGlobalSection
EndGlobal
